
Microsoft Visual Studio Solution File, Format Version 12.00
# Visual Studio Version 16
VisualStudioVersion = 16.0.31911.196
MinimumVisualStudioVersion = 10.0.40219.1
Project("{9A19103F-16F7-4668-BE54-9A1E7A4F7556}") = "CommonServer", "CommonServer\CommonServer.csproj", "{8922A093-9A75-4474-BCA6-05FB0EF5A4BF}"
EndProject
Project("{2150E333-8FDC-42A3-9474-1A3956D46DE8}") = "Common", "Common", "{4B32A2BC-AFF3-48CA-A89B-C26D61163C93}"
EndProject
Project("{9A19103F-16F7-4668-BE54-9A1E7A4F7556}") = "Gen", "Gen\Gen.csproj", "{C1871012-BDC4-44C7-B745-4B3F2E0E62A1}"
EndProject
Project("{9A19103F-16F7-4668-BE54-9A1E7A4F7556}") = "CommonClient", "CommonClient\CommonClient.csproj", "{066889EE-04FE-4FBF-AD00-4D255FF6B914}"
EndProject
Project("{9A19103F-16F7-4668-BE54-9A1E7A4F7556}") = "Base", "Base\Base.csproj", "{819AA934-7E52-4A98-87E1-47325BF1EC48}"
EndProject
Project("{9A19103F-16F7-4668-BE54-9A1E7A4F7556}") = "Handler", "Handler\Handler.csproj", "{FA78CB50-E39E-4176-AA34-52DACA74CFAF}"
EndProject
Project("{FAE04EC0-301F-11D3-BF4B-00C04F79EFBC}") = "BootStrap", "BootStrap\BootStrap.csproj", "{2DAFEB3D-1DE6-4F77-91A4-48E2B0918A3E}"
EndProject
Global
	GlobalSection(SolutionConfigurationPlatforms) = preSolution
		Debug|Any CPU = Debug|Any CPU
		Release|Any CPU = Release|Any CPU
	EndGlobalSection
	GlobalSection(ProjectConfigurationPlatforms) = postSolution
		{8922A093-9A75-4474-BCA6-05FB0EF5A4BF}.Debug|Any CPU.ActiveCfg = Debug|Any CPU
		{8922A093-9A75-4474-BCA6-05FB0EF5A4BF}.Debug|Any CPU.Build.0 = Debug|Any CPU
		{8922A093-9A75-4474-BCA6-05FB0EF5A4BF}.Release|Any CPU.ActiveCfg = Release|Any CPU
		{8922A093-9A75-4474-BCA6-05FB0EF5A4BF}.Release|Any CPU.Build.0 = Release|Any CPU
		{C1871012-BDC4-44C7-B745-4B3F2E0E62A1}.Debug|Any CPU.ActiveCfg = Debug|Any CPU
		{C1871012-BDC4-44C7-B745-4B3F2E0E62A1}.Debug|Any CPU.Build.0 = Debug|Any CPU
		{C1871012-BDC4-44C7-B745-4B3F2E0E62A1}.Release|Any CPU.ActiveCfg = Release|Any CPU
		{C1871012-BDC4-44C7-B745-4B3F2E0E62A1}.Release|Any CPU.Build.0 = Release|Any CPU
		{066889EE-04FE-4FBF-AD00-4D255FF6B914}.Debug|Any CPU.ActiveCfg = Debug|Any CPU
		{066889EE-04FE-4FBF-AD00-4D255FF6B914}.Debug|Any CPU.Build.0 = Debug|Any CPU
		{066889EE-04FE-4FBF-AD00-4D255FF6B914}.Release|Any CPU.ActiveCfg = Release|Any CPU
		{066889EE-04FE-4FBF-AD00-4D255FF6B914}.Release|Any CPU.Build.0 = Release|Any CPU
		{819AA934-7E52-4A98-87E1-47325BF1EC48}.Debug|Any CPU.ActiveCfg = Debug|Any CPU
		{819AA934-7E52-4A98-87E1-47325BF1EC48}.Debug|Any CPU.Build.0 = Debug|Any CPU
		{819AA934-7E52-4A98-87E1-47325BF1EC48}.Release|Any CPU.ActiveCfg = Release|Any CPU
		{819AA934-7E52-4A98-87E1-47325BF1EC48}.Release|Any CPU.Build.0 = Release|Any CPU
		{FA78CB50-E39E-4176-AA34-52DACA74CFAF}.Debug|Any CPU.ActiveCfg = Debug|Any CPU
		{FA78CB50-E39E-4176-AA34-52DACA74CFAF}.Debug|Any CPU.Build.0 = Debug|Any CPU
		{FA78CB50-E39E-4176-AA34-52DACA74CFAF}.Release|Any CPU.ActiveCfg = Release|Any CPU
		{FA78CB50-E39E-4176-AA34-52DACA74CFAF}.Release|Any CPU.Build.0 = Release|Any CPU
		{2DAFEB3D-1DE6-4F77-91A4-48E2B0918A3E}.Debug|Any CPU.ActiveCfg = Debug|Any CPU
		{2DAFEB3D-1DE6-4F77-91A4-48E2B0918A3E}.Debug|Any CPU.Build.0 = Debug|Any CPU
		{2DAFEB3D-1DE6-4F77-91A4-48E2B0918A3E}.Release|Any CPU.ActiveCfg = Release|Any CPU
		{2DAFEB3D-1DE6-4F77-91A4-48E2B0918A3E}.Release|Any CPU.Build.0 = Release|Any CPU
	EndGlobalSection
	GlobalSection(SolutionProperties) = preSolution
		HideSolutionNode = FALSE
	EndGlobalSection
	GlobalSection(NestedProjects) = preSolution
		{C1871012-BDC4-44C7-B745-4B3F2E0E62A1} = {4B32A2BC-AFF3-48CA-A89B-C26D61163C93}
		{819AA934-7E52-4A98-87E1-47325BF1EC48} = {4B32A2BC-AFF3-48CA-A89B-C26D61163C93}
		{FA78CB50-E39E-4176-AA34-52DACA74CFAF} = {4B32A2BC-AFF3-48CA-A89B-C26D61163C93}
		{2DAFEB3D-1DE6-4F77-91A4-48E2B0918A3E} = {4B32A2BC-AFF3-48CA-A89B-C26D61163C93}
	EndGlobalSection
	GlobalSection(ExtensibilityGlobals) = postSolution
		SolutionGuid = {B9693153-483E-4DEE-B4B9-052E8E15B76F}
	EndGlobalSection
EndGlobal
